
Microsoft Visual Studio Solution File, Format Version 12.00
# Visual Studio Version 16
VisualStudioVersion = 16.0.31729.503
MinimumVisualStudioVersion = 10.0.40219.1
Project("{9A19103F-16F7-4668-BE54-9A1E7A4F7556}") = "vector-unitech-data", "vector-unitech-data\vector-unitech-data\vector-unitech-data.csproj", "{244CE9CE-FDFE-4F81-BB75-A6423D4EC1DF}"
EndProject
Project("{9A19103F-16F7-4668-BE54-9A1E7A4F7556}") = "Vector-unitech-api", "Vector-unitech-api\Vector-unitech-api.csproj", "{E53DE428-B3BD-4194-ACEF-37B355155C4E}"
EndProject
Project("{9A19103F-16F7-4668-BE54-9A1E7A4F7556}") = "vector-unitech-core", "vector-unitech-core\vector-unitech-core\vector-unitech-core.csproj", "{318D2BBD-BE80-4FD1-A88C-DC133EE8AFC7}"
EndProject
Project("{9A19103F-16F7-4668-BE54-9A1E7A4F7556}") = "vector-unitech-service", "vector-unitech-service\vector-unitech-service.csproj", "{D92C1E2A-B84A-4F7D-B4AD-6C42E9963E07}"
EndProject
Project("{9A19103F-16F7-4668-BE54-9A1E7A4F7556}") = "vector-unitech-log", "ErroSentry\vector-unitech-log.csproj", "{BF0CACBE-5133-459B-B4D4-2E01B3BB1D00}"
EndProject
Project("{9A19103F-16F7-4668-BE54-9A1E7A4F7556}") = "vector-unitech-application", "vector-unitech-application\vector-unitech-application.csproj", "{50C2C281-1562-4657-905A-146E783BCDBD}"
EndProject
Project("{9A19103F-16F7-4668-BE54-9A1E7A4F7556}") = "Vector-unitech-test", "Vector-unitech-test\Vector-unitech-test.csproj", "{71D813E1-0EB9-43BA-AC83-94A3F3B242AD}"
EndProject
Project("{E53339B2-1760-4266-BCC7-CA923CBCF16C}") = "docker-compose", "docker-compose.dcproj", "{C5845407-C1A2-497F-8FFC-B787A7CCD4AF}"
EndProject
Project("{FAE04EC0-301F-11D3-BF4B-00C04F79EFBC}") = "vector-unitech-api-gateway", "vector-unitech-api-gateway\vector-unitech-api-gateway.csproj", "{4807CE54-A7BB-4BFB-ABDD-6C3786141707}"
EndProject
Global
	GlobalSection(SolutionConfigurationPlatforms) = preSolution
		Debug|Any CPU = Debug|Any CPU
		Release|Any CPU = Release|Any CPU
	EndGlobalSection
	GlobalSection(ProjectConfigurationPlatforms) = postSolution
		{244CE9CE-FDFE-4F81-BB75-A6423D4EC1DF}.Debug|Any CPU.ActiveCfg = Debug|Any CPU
		{244CE9CE-FDFE-4F81-BB75-A6423D4EC1DF}.Debug|Any CPU.Build.0 = Debug|Any CPU
		{244CE9CE-FDFE-4F81-BB75-A6423D4EC1DF}.Release|Any CPU.ActiveCfg = Release|Any CPU
		{244CE9CE-FDFE-4F81-BB75-A6423D4EC1DF}.Release|Any CPU.Build.0 = Release|Any CPU
		{E53DE428-B3BD-4194-ACEF-37B355155C4E}.Debug|Any CPU.ActiveCfg = Debug|Any CPU
		{E53DE428-B3BD-4194-ACEF-37B355155C4E}.Debug|Any CPU.Build.0 = Debug|Any CPU
		{E53DE428-B3BD-4194-ACEF-37B355155C4E}.Release|Any CPU.ActiveCfg = Release|Any CPU
		{E53DE428-B3BD-4194-ACEF-37B355155C4E}.Release|Any CPU.Build.0 = Release|Any CPU
		{318D2BBD-BE80-4FD1-A88C-DC133EE8AFC7}.Debug|Any CPU.ActiveCfg = Debug|Any CPU
		{318D2BBD-BE80-4FD1-A88C-DC133EE8AFC7}.Debug|Any CPU.Build.0 = Debug|Any CPU
		{318D2BBD-BE80-4FD1-A88C-DC133EE8AFC7}.Release|Any CPU.ActiveCfg = Release|Any CPU
		{318D2BBD-BE80-4FD1-A88C-DC133EE8AFC7}.Release|Any CPU.Build.0 = Release|Any CPU
		{D92C1E2A-B84A-4F7D-B4AD-6C42E9963E07}.Debug|Any CPU.ActiveCfg = Debug|Any CPU
		{D92C1E2A-B84A-4F7D-B4AD-6C42E9963E07}.Debug|Any CPU.Build.0 = Debug|Any CPU
		{D92C1E2A-B84A-4F7D-B4AD-6C42E9963E07}.Release|Any CPU.ActiveCfg = Release|Any CPU
		{D92C1E2A-B84A-4F7D-B4AD-6C42E9963E07}.Release|Any CPU.Build.0 = Release|Any CPU
		{BF0CACBE-5133-459B-B4D4-2E01B3BB1D00}.Debug|Any CPU.ActiveCfg = Debug|Any CPU
		{BF0CACBE-5133-459B-B4D4-2E01B3BB1D00}.Debug|Any CPU.Build.0 = Debug|Any CPU
		{BF0CACBE-5133-459B-B4D4-2E01B3BB1D00}.Release|Any CPU.ActiveCfg = Release|Any CPU
		{BF0CACBE-5133-459B-B4D4-2E01B3BB1D00}.Release|Any CPU.Build.0 = Release|Any CPU
		{50C2C281-1562-4657-905A-146E783BCDBD}.Debug|Any CPU.ActiveCfg = Debug|Any CPU
		{50C2C281-1562-4657-905A-146E783BCDBD}.Debug|Any CPU.Build.0 = Debug|Any CPU
		{50C2C281-1562-4657-905A-146E783BCDBD}.Release|Any CPU.ActiveCfg = Release|Any CPU
		{50C2C281-1562-4657-905A-146E783BCDBD}.Release|Any CPU.Build.0 = Release|Any CPU
		{71D813E1-0EB9-43BA-AC83-94A3F3B242AD}.Debug|Any CPU.ActiveCfg = Debug|Any CPU
		{71D813E1-0EB9-43BA-AC83-94A3F3B242AD}.Debug|Any CPU.Build.0 = Debug|Any CPU
		{71D813E1-0EB9-43BA-AC83-94A3F3B242AD}.Release|Any CPU.ActiveCfg = Release|Any CPU
		{71D813E1-0EB9-43BA-AC83-94A3F3B242AD}.Release|Any CPU.Build.0 = Release|Any CPU
		{C5845407-C1A2-497F-8FFC-B787A7CCD4AF}.Debug|Any CPU.ActiveCfg = Debug|Any CPU
		{C5845407-C1A2-497F-8FFC-B787A7CCD4AF}.Debug|Any CPU.Build.0 = Debug|Any CPU
		{C5845407-C1A2-497F-8FFC-B787A7CCD4AF}.Release|Any CPU.ActiveCfg = Release|Any CPU
		{C5845407-C1A2-497F-8FFC-B787A7CCD4AF}.Release|Any CPU.Build.0 = Release|Any CPU
		{4807CE54-A7BB-4BFB-ABDD-6C3786141707}.Debug|Any CPU.ActiveCfg = Debug|Any CPU
		{4807CE54-A7BB-4BFB-ABDD-6C3786141707}.Debug|Any CPU.Build.0 = Debug|Any CPU
		{4807CE54-A7BB-4BFB-ABDD-6C3786141707}.Release|Any CPU.ActiveCfg = Release|Any CPU
		{4807CE54-A7BB-4BFB-ABDD-6C3786141707}.Release|Any CPU.Build.0 = Release|Any CPU
	EndGlobalSection
	GlobalSection(SolutionProperties) = preSolution
		HideSolutionNode = FALSE
	EndGlobalSection
	GlobalSection(ExtensibilityGlobals) = postSolution
		SolutionGuid = {E2DCEDE8-85C7-4801-A1E1-FD58A49CDDFD}
	EndGlobalSection
EndGlobal
