
Microsoft Visual Studio Solution File, Format Version 12.00
# Visual Studio Version 16
VisualStudioVersion = 16.0.31729.503
MinimumVisualStudioVersion = 10.0.40219.1
Project("{FAE04EC0-301F-11D3-BF4B-00C04F79EFBC}") = "vector-unitech-data", "vector-unitech-data\vector-unitech-data\vector-unitech-data.csproj", "{244CE9CE-FDFE-4F81-BB75-A6423D4EC1DF}"
EndProject
Project("{FAE04EC0-301F-11D3-BF4B-00C04F79EFBC}") = "Vector-unitech-api", "Vector-unitech-api\Vector-unitech-api.csproj", "{E53DE428-B3BD-4194-ACEF-37B355155C4E}"
EndProject
Project("{FAE04EC0-301F-11D3-BF4B-00C04F79EFBC}") = "vector-unitech-core", "vector-unitech-core\vector-unitech-core\vector-unitech-core.csproj", "{318D2BBD-BE80-4FD1-A88C-DC133EE8AFC7}"
EndProject
Project("{FAE04EC0-301F-11D3-BF4B-00C04F79EFBC}") = "vector-unitech-service", "vector-unitech-service\vector-unitech-service.csproj", "{D92C1E2A-B84A-4F7D-B4AD-6C42E9963E07}"
EndProject
Global
	GlobalSection(SolutionConfigurationPlatforms) = preSolution
		Debug|Any CPU = Debug|Any CPU
		Release|Any CPU = Release|Any CPU
	EndGlobalSection
	GlobalSection(ProjectConfigurationPlatforms) = postSolution
		{244CE9CE-FDFE-4F81-BB75-A6423D4EC1DF}.Debug|Any CPU.ActiveCfg = Debug|Any CPU
		{244CE9CE-FDFE-4F81-BB75-A6423D4EC1DF}.Debug|Any CPU.Build.0 = Debug|Any CPU
		{244CE9CE-FDFE-4F81-BB75-A6423D4EC1DF}.Release|Any CPU.ActiveCfg = Release|Any CPU
		{244CE9CE-FDFE-4F81-BB75-A6423D4EC1DF}.Release|Any CPU.Build.0 = Release|Any CPU
		{E53DE428-B3BD-4194-ACEF-37B355155C4E}.Debug|Any CPU.ActiveCfg = Debug|Any CPU
		{E53DE428-B3BD-4194-ACEF-37B355155C4E}.Debug|Any CPU.Build.0 = Debug|Any CPU
		{E53DE428-B3BD-4194-ACEF-37B355155C4E}.Release|Any CPU.ActiveCfg = Release|Any CPU
		{E53DE428-B3BD-4194-ACEF-37B355155C4E}.Release|Any CPU.Build.0 = Release|Any CPU
		{318D2BBD-BE80-4FD1-A88C-DC133EE8AFC7}.Debug|Any CPU.ActiveCfg = Debug|Any CPU
		{318D2BBD-BE80-4FD1-A88C-DC133EE8AFC7}.Debug|Any CPU.Build.0 = Debug|Any CPU
		{318D2BBD-BE80-4FD1-A88C-DC133EE8AFC7}.Release|Any CPU.ActiveCfg = Release|Any CPU
		{318D2BBD-BE80-4FD1-A88C-DC133EE8AFC7}.Release|Any CPU.Build.0 = Release|Any CPU
		{D92C1E2A-B84A-4F7D-B4AD-6C42E9963E07}.Debug|Any CPU.ActiveCfg = Debug|Any CPU
		{D92C1E2A-B84A-4F7D-B4AD-6C42E9963E07}.Debug|Any CPU.Build.0 = Debug|Any CPU
		{D92C1E2A-B84A-4F7D-B4AD-6C42E9963E07}.Release|Any CPU.ActiveCfg = Release|Any CPU
		{D92C1E2A-B84A-4F7D-B4AD-6C42E9963E07}.Release|Any CPU.Build.0 = Release|Any CPU
	EndGlobalSection
	GlobalSection(SolutionProperties) = preSolution
		HideSolutionNode = FALSE
	EndGlobalSection
	GlobalSection(ExtensibilityGlobals) = postSolution
		SolutionGuid = {E2DCEDE8-85C7-4801-A1E1-FD58A49CDDFD}
	EndGlobalSection
EndGlobal
